// !$*UTF8*$!
{
	archiveVersion = 1;
	classes = {
	};
	objectVersion = 46;
	objects = {

/* Begin PBXBuildFile section */
		7CAFB2E91EEF790500AB4609 /* AppDelegate.m in Sources */ = {isa = PBXBuildFile; fileRef = 7CAFB2E81EEF790500AB4609 /* AppDelegate.m */; };
		7CAFB2EC1EEF790500AB4609 /* main.m in Sources */ = {isa = PBXBuildFile; fileRef = 7CAFB2EB1EEF790500AB4609 /* main.m */; };
		7CAFB2EF1EEF790500AB4609 /* ViewController.mm in Sources */ = {isa = PBXBuildFile; fileRef = 7CAFB2EE1EEF790500AB4609 /* ViewController.mm */; };
		7CAFB2F11EEF790500AB4609 /* Assets.xcassets in Resources */ = {isa = PBXBuildFile; fileRef = 7CAFB2F01EEF790500AB4609 /* Assets.xcassets */; };
		7CAFB2F41EEF790500AB4609 /* Main.storyboard in Resources */ = {isa = PBXBuildFile; fileRef = 7CAFB2F21EEF790500AB4609 /* Main.storyboard */; };
		7CAFB3031EEF813900AB4609 /* OpenCVLearn.cpp in Sources */ = {isa = PBXBuildFile; fileRef = 7CAFB3011EEF813900AB4609 /* OpenCVLearn.cpp */; };
		7CAFB3061EEF830500AB4609 /* libc++.tbd in Frameworks */ = {isa = PBXBuildFile; fileRef = 7CAFB3051EEF830500AB4609 /* libc++.tbd */; };
		7CAFB33E1EEF922A00AB4609 /* libopencv_calib3d.2.4.13.dylib in Frameworks */ = {isa = PBXBuildFile; fileRef = 7CAFB3071EEF922A00AB4609 /* libopencv_calib3d.2.4.13.dylib */; };
		7CAFB33F1EEF922A00AB4609 /* libopencv_calib3d.2.4.dylib in Frameworks */ = {isa = PBXBuildFile; fileRef = 7CAFB3081EEF922A00AB4609 /* libopencv_calib3d.2.4.dylib */; };
		7CAFB3401EEF922A00AB4609 /* libopencv_calib3d.dylib in Frameworks */ = {isa = PBXBuildFile; fileRef = 7CAFB3091EEF922A00AB4609 /* libopencv_calib3d.dylib */; };
		7CAFB3411EEF922A00AB4609 /* libopencv_contrib.2.4.13.dylib in Frameworks */ = {isa = PBXBuildFile; fileRef = 7CAFB30A1EEF922A00AB4609 /* libopencv_contrib.2.4.13.dylib */; };
		7CAFB3421EEF922A00AB4609 /* libopencv_contrib.2.4.dylib in Frameworks */ = {isa = PBXBuildFile; fileRef = 7CAFB30B1EEF922A00AB4609 /* libopencv_contrib.2.4.dylib */; };
		7CAFB3431EEF922A00AB4609 /* libopencv_contrib.dylib in Frameworks */ = {isa = PBXBuildFile; fileRef = 7CAFB30C1EEF922A00AB4609 /* libopencv_contrib.dylib */; };
		7CAFB3441EEF922A00AB4609 /* libopencv_core.2.4.13.dylib in Frameworks */ = {isa = PBXBuildFile; fileRef = 7CAFB30D1EEF922A00AB4609 /* libopencv_core.2.4.13.dylib */; };
		7CAFB3451EEF922A00AB4609 /* libopencv_core.2.4.dylib in Frameworks */ = {isa = PBXBuildFile; fileRef = 7CAFB30E1EEF922A00AB4609 /* libopencv_core.2.4.dylib */; };
		7CAFB3461EEF922A00AB4609 /* libopencv_core.dylib in Frameworks */ = {isa = PBXBuildFile; fileRef = 7CAFB30F1EEF922A00AB4609 /* libopencv_core.dylib */; };
		7CAFB3471EEF922A00AB4609 /* libopencv_features2d.2.4.13.dylib in Frameworks */ = {isa = PBXBuildFile; fileRef = 7CAFB3101EEF922A00AB4609 /* libopencv_features2d.2.4.13.dylib */; };
		7CAFB3481EEF922A00AB4609 /* libopencv_features2d.2.4.dylib in Frameworks */ = {isa = PBXBuildFile; fileRef = 7CAFB3111EEF922A00AB4609 /* libopencv_features2d.2.4.dylib */; };
		7CAFB3491EEF922A00AB4609 /* libopencv_features2d.dylib in Frameworks */ = {isa = PBXBuildFile; fileRef = 7CAFB3121EEF922A00AB4609 /* libopencv_features2d.dylib */; };
		7CAFB34A1EEF922A00AB4609 /* libopencv_flann.2.4.13.dylib in Frameworks */ = {isa = PBXBuildFile; fileRef = 7CAFB3131EEF922A00AB4609 /* libopencv_flann.2.4.13.dylib */; };
		7CAFB34B1EEF922A00AB4609 /* libopencv_flann.2.4.dylib in Frameworks */ = {isa = PBXBuildFile; fileRef = 7CAFB3141EEF922A00AB4609 /* libopencv_flann.2.4.dylib */; };
		7CAFB34C1EEF922A00AB4609 /* libopencv_flann.dylib in Frameworks */ = {isa = PBXBuildFile; fileRef = 7CAFB3151EEF922A00AB4609 /* libopencv_flann.dylib */; };
		7CAFB34D1EEF922A00AB4609 /* libopencv_gpu.2.4.13.dylib in Frameworks */ = {isa = PBXBuildFile; fileRef = 7CAFB3161EEF922A00AB4609 /* libopencv_gpu.2.4.13.dylib */; };
		7CAFB34E1EEF922A00AB4609 /* libopencv_gpu.2.4.dylib in Frameworks */ = {isa = PBXBuildFile; fileRef = 7CAFB3171EEF922A00AB4609 /* libopencv_gpu.2.4.dylib */; };
		7CAFB34F1EEF922A00AB4609 /* libopencv_gpu.dylib in Frameworks */ = {isa = PBXBuildFile; fileRef = 7CAFB3181EEF922A00AB4609 /* libopencv_gpu.dylib */; };
		7CAFB3501EEF922A00AB4609 /* libopencv_highgui.2.4.13.dylib in Frameworks */ = {isa = PBXBuildFile; fileRef = 7CAFB3191EEF922A00AB4609 /* libopencv_highgui.2.4.13.dylib */; };
		7CAFB3511EEF922A00AB4609 /* libopencv_highgui.2.4.dylib in Frameworks */ = {isa = PBXBuildFile; fileRef = 7CAFB31A1EEF922A00AB4609 /* libopencv_highgui.2.4.dylib */; };
		7CAFB3521EEF922A00AB4609 /* libopencv_highgui.dylib in Frameworks */ = {isa = PBXBuildFile; fileRef = 7CAFB31B1EEF922A00AB4609 /* libopencv_highgui.dylib */; };
		7CAFB3531EEF922A00AB4609 /* libopencv_imgproc.2.4.13.dylib in Frameworks */ = {isa = PBXBuildFile; fileRef = 7CAFB31C1EEF922A00AB4609 /* libopencv_imgproc.2.4.13.dylib */; };
		7CAFB3541EEF922A00AB4609 /* libopencv_imgproc.2.4.dylib in Frameworks */ = {isa = PBXBuildFile; fileRef = 7CAFB31D1EEF922A00AB4609 /* libopencv_imgproc.2.4.dylib */; };
		7CAFB3551EEF922A00AB4609 /* libopencv_imgproc.dylib in Frameworks */ = {isa = PBXBuildFile; fileRef = 7CAFB31E1EEF922A00AB4609 /* libopencv_imgproc.dylib */; };
		7CAFB3561EEF922A00AB4609 /* libopencv_legacy.2.4.13.dylib in Frameworks */ = {isa = PBXBuildFile; fileRef = 7CAFB31F1EEF922A00AB4609 /* libopencv_legacy.2.4.13.dylib */; };
		7CAFB3571EEF922A00AB4609 /* libopencv_legacy.2.4.dylib in Frameworks */ = {isa = PBXBuildFile; fileRef = 7CAFB3201EEF922A00AB4609 /* libopencv_legacy.2.4.dylib */; };
		7CAFB3581EEF922A00AB4609 /* libopencv_legacy.dylib in Frameworks */ = {isa = PBXBuildFile; fileRef = 7CAFB3211EEF922A00AB4609 /* libopencv_legacy.dylib */; };
		7CAFB3591EEF922A00AB4609 /* libopencv_ml.2.4.13.dylib in Frameworks */ = {isa = PBXBuildFile; fileRef = 7CAFB3221EEF922A00AB4609 /* libopencv_ml.2.4.13.dylib */; };
		7CAFB35A1EEF922A00AB4609 /* libopencv_ml.2.4.dylib in Frameworks */ = {isa = PBXBuildFile; fileRef = 7CAFB3231EEF922A00AB4609 /* libopencv_ml.2.4.dylib */; };
		7CAFB35B1EEF922A00AB4609 /* libopencv_ml.dylib in Frameworks */ = {isa = PBXBuildFile; fileRef = 7CAFB3241EEF922A00AB4609 /* libopencv_ml.dylib */; };
		7CAFB35C1EEF922A00AB4609 /* libopencv_nonfree.2.4.13.dylib in Frameworks */ = {isa = PBXBuildFile; fileRef = 7CAFB3251EEF922A00AB4609 /* libopencv_nonfree.2.4.13.dylib */; };
		7CAFB35D1EEF922A00AB4609 /* libopencv_nonfree.2.4.dylib in Frameworks */ = {isa = PBXBuildFile; fileRef = 7CAFB3261EEF922A00AB4609 /* libopencv_nonfree.2.4.dylib */; };
		7CAFB35E1EEF922A00AB4609 /* libopencv_nonfree.dylib in Frameworks */ = {isa = PBXBuildFile; fileRef = 7CAFB3271EEF922A00AB4609 /* libopencv_nonfree.dylib */; };
		7CAFB35F1EEF922B00AB4609 /* libopencv_objdetect.2.4.13.dylib in Frameworks */ = {isa = PBXBuildFile; fileRef = 7CAFB3281EEF922A00AB4609 /* libopencv_objdetect.2.4.13.dylib */; };
		7CAFB3601EEF922B00AB4609 /* libopencv_objdetect.2.4.dylib in Frameworks */ = {isa = PBXBuildFile; fileRef = 7CAFB3291EEF922A00AB4609 /* libopencv_objdetect.2.4.dylib */; };
		7CAFB3611EEF922B00AB4609 /* libopencv_objdetect.dylib in Frameworks */ = {isa = PBXBuildFile; fileRef = 7CAFB32A1EEF922A00AB4609 /* libopencv_objdetect.dylib */; };
		7CAFB3621EEF922B00AB4609 /* libopencv_ocl.2.4.13.dylib in Frameworks */ = {isa = PBXBuildFile; fileRef = 7CAFB32B1EEF922A00AB4609 /* libopencv_ocl.2.4.13.dylib */; };
		7CAFB3631EEF922B00AB4609 /* libopencv_ocl.2.4.dylib in Frameworks */ = {isa = PBXBuildFile; fileRef = 7CAFB32C1EEF922A00AB4609 /* libopencv_ocl.2.4.dylib */; };
		7CAFB3641EEF922B00AB4609 /* libopencv_ocl.dylib in Frameworks */ = {isa = PBXBuildFile; fileRef = 7CAFB32D1EEF922A00AB4609 /* libopencv_ocl.dylib */; };
		7CAFB3651EEF922B00AB4609 /* libopencv_photo.2.4.13.dylib in Frameworks */ = {isa = PBXBuildFile; fileRef = 7CAFB32E1EEF922A00AB4609 /* libopencv_photo.2.4.13.dylib */; };
		7CAFB3661EEF922B00AB4609 /* libopencv_photo.2.4.dylib in Frameworks */ = {isa = PBXBuildFile; fileRef = 7CAFB32F1EEF922A00AB4609 /* libopencv_photo.2.4.dylib */; };
		7CAFB3671EEF922B00AB4609 /* libopencv_photo.dylib in Frameworks */ = {isa = PBXBuildFile; fileRef = 7CAFB3301EEF922A00AB4609 /* libopencv_photo.dylib */; };
		7CAFB3681EEF922B00AB4609 /* libopencv_stitching.2.4.13.dylib in Frameworks */ = {isa = PBXBuildFile; fileRef = 7CAFB3311EEF922A00AB4609 /* libopencv_stitching.2.4.13.dylib */; };
		7CAFB3691EEF922B00AB4609 /* libopencv_stitching.2.4.dylib in Frameworks */ = {isa = PBXBuildFile; fileRef = 7CAFB3321EEF922A00AB4609 /* libopencv_stitching.2.4.dylib */; };
		7CAFB36A1EEF922B00AB4609 /* libopencv_stitching.dylib in Frameworks */ = {isa = PBXBuildFile; fileRef = 7CAFB3331EEF922A00AB4609 /* libopencv_stitching.dylib */; };
		7CAFB36B1EEF922B00AB4609 /* libopencv_superres.2.4.13.dylib in Frameworks */ = {isa = PBXBuildFile; fileRef = 7CAFB3341EEF922A00AB4609 /* libopencv_superres.2.4.13.dylib */; };
		7CAFB36C1EEF922B00AB4609 /* libopencv_superres.2.4.dylib in Frameworks */ = {isa = PBXBuildFile; fileRef = 7CAFB3351EEF922A00AB4609 /* libopencv_superres.2.4.dylib */; };
		7CAFB36D1EEF922B00AB4609 /* libopencv_superres.dylib in Frameworks */ = {isa = PBXBuildFile; fileRef = 7CAFB3361EEF922A00AB4609 /* libopencv_superres.dylib */; };
		7CAFB36E1EEF922B00AB4609 /* libopencv_ts.a in Frameworks */ = {isa = PBXBuildFile; fileRef = 7CAFB3371EEF922A00AB4609 /* libopencv_ts.a */; };
		7CAFB36F1EEF922B00AB4609 /* libopencv_video.2.4.13.dylib in Frameworks */ = {isa = PBXBuildFile; fileRef = 7CAFB3381EEF922A00AB4609 /* libopencv_video.2.4.13.dylib */; };
		7CAFB3701EEF922B00AB4609 /* libopencv_video.2.4.dylib in Frameworks */ = {isa = PBXBuildFile; fileRef = 7CAFB3391EEF922A00AB4609 /* libopencv_video.2.4.dylib */; };
		7CAFB3711EEF922B00AB4609 /* libopencv_video.dylib in Frameworks */ = {isa = PBXBuildFile; fileRef = 7CAFB33A1EEF922A00AB4609 /* libopencv_video.dylib */; };
		7CAFB3721EEF922B00AB4609 /* libopencv_videostab.2.4.13.dylib in Frameworks */ = {isa = PBXBuildFile; fileRef = 7CAFB33B1EEF922A00AB4609 /* libopencv_videostab.2.4.13.dylib */; };
		7CAFB3731EEF922B00AB4609 /* libopencv_videostab.2.4.dylib in Frameworks */ = {isa = PBXBuildFile; fileRef = 7CAFB33C1EEF922A00AB4609 /* libopencv_videostab.2.4.dylib */; };
		7CAFB3741EEF922B00AB4609 /* libopencv_videostab.dylib in Frameworks */ = {isa = PBXBuildFile; fileRef = 7CAFB33D1EEF922A00AB4609 /* libopencv_videostab.dylib */; };
/* End PBXBuildFile section */

/* Begin PBXFileReference section */
		7CAFB2E41EEF790500AB4609 /* opencvLearn.app */ = {isa = PBXFileReference; explicitFileType = wrapper.application; includeInIndex = 0; path = opencvLearn.app; sourceTree = BUILT_PRODUCTS_DIR; };
		7CAFB2E71EEF790500AB4609 /* AppDelegate.h */ = {isa = PBXFileReference; lastKnownFileType = sourcecode.c.h; path = AppDelegate.h; sourceTree = "<group>"; };
		7CAFB2E81EEF790500AB4609 /* AppDelegate.m */ = {isa = PBXFileReference; lastKnownFileType = sourcecode.c.objc; path = AppDelegate.m; sourceTree = "<group>"; };
		7CAFB2EB1EEF790500AB4609 /* main.m */ = {isa = PBXFileReference; lastKnownFileType = sourcecode.c.objc; path = main.m; sourceTree = "<group>"; };
		7CAFB2ED1EEF790500AB4609 /* ViewController.h */ = {isa = PBXFileReference; lastKnownFileType = sourcecode.c.h; path = ViewController.h; sourceTree = "<group>"; };
		7CAFB2EE1EEF790500AB4609 /* ViewController.mm */ = {isa = PBXFileReference; lastKnownFileType = sourcecode.cpp.objcpp; path = ViewController.mm; sourceTree = "<group>"; };
		7CAFB2F01EEF790500AB4609 /* Assets.xcassets */ = {isa = PBXFileReference; lastKnownFileType = folder.assetcatalog; path = Assets.xcassets; sourceTree = "<group>"; };
		7CAFB2F31EEF790500AB4609 /* Base */ = {isa = PBXFileReference; lastKnownFileType = file.storyboard; name = Base; path = Base.lproj/Main.storyboard; sourceTree = "<group>"; };
		7CAFB2F51EEF790500AB4609 /* Info.plist */ = {isa = PBXFileReference; lastKnownFileType = text.plist.xml; path = Info.plist; sourceTree = "<group>"; };
		7CAFB3011EEF813900AB4609 /* OpenCVLearn.cpp */ = {isa = PBXFileReference; fileEncoding = 4; lastKnownFileType = sourcecode.cpp.cpp; path = OpenCVLearn.cpp; sourceTree = "<group>"; };
		7CAFB3021EEF813900AB4609 /* OpenCVLearn.hpp */ = {isa = PBXFileReference; fileEncoding = 4; lastKnownFileType = sourcecode.cpp.h; path = OpenCVLearn.hpp; sourceTree = "<group>"; };
		7CAFB3051EEF830500AB4609 /* libc++.tbd */ = {isa = PBXFileReference; lastKnownFileType = "sourcecode.text-based-dylib-definition"; name = "libc++.tbd"; path = "usr/lib/libc++.tbd"; sourceTree = SDKROOT; };
		7CAFB3071EEF922A00AB4609 /* libopencv_calib3d.2.4.13.dylib */ = {isa = PBXFileReference; lastKnownFileType = "compiled.mach-o.dylib"; name = libopencv_calib3d.2.4.13.dylib; path = ../../../../../usr/local/Cellar/opencv/2.4.13.2/lib/libopencv_calib3d.2.4.13.dylib; sourceTree = "<group>"; };
		7CAFB3081EEF922A00AB4609 /* libopencv_calib3d.2.4.dylib */ = {isa = PBXFileReference; lastKnownFileType = "compiled.mach-o.dylib"; name = libopencv_calib3d.2.4.dylib; path = ../../../../../usr/local/Cellar/opencv/2.4.13.2/lib/libopencv_calib3d.2.4.dylib; sourceTree = "<group>"; };
		7CAFB3091EEF922A00AB4609 /* libopencv_calib3d.dylib */ = {isa = PBXFileReference; lastKnownFileType = "compiled.mach-o.dylib"; name = libopencv_calib3d.dylib; path = ../../../../../usr/local/Cellar/opencv/2.4.13.2/lib/libopencv_calib3d.dylib; sourceTree = "<group>"; };
		7CAFB30A1EEF922A00AB4609 /* libopencv_contrib.2.4.13.dylib */ = {isa = PBXFileReference; lastKnownFileType = "compiled.mach-o.dylib"; name = libopencv_contrib.2.4.13.dylib; path = ../../../../../usr/local/Cellar/opencv/2.4.13.2/lib/libopencv_contrib.2.4.13.dylib; sourceTree = "<group>"; };
		7CAFB30B1EEF922A00AB4609 /* libopencv_contrib.2.4.dylib */ = {isa = PBXFileReference; lastKnownFileType = "compiled.mach-o.dylib"; name = libopencv_contrib.2.4.dylib; path = ../../../../../usr/local/Cellar/opencv/2.4.13.2/lib/libopencv_contrib.2.4.dylib; sourceTree = "<group>"; };
		7CAFB30C1EEF922A00AB4609 /* libopencv_contrib.dylib */ = {isa = PBXFileReference; lastKnownFileType = "compiled.mach-o.dylib"; name = libopencv_contrib.dylib; path = ../../../../../usr/local/Cellar/opencv/2.4.13.2/lib/libopencv_contrib.dylib; sourceTree = "<group>"; };
		7CAFB30D1EEF922A00AB4609 /* libopencv_core.2.4.13.dylib */ = {isa = PBXFileReference; lastKnownFileType = "compiled.mach-o.dylib"; name = libopencv_core.2.4.13.dylib; path = ../../../../../usr/local/Cellar/opencv/2.4.13.2/lib/libopencv_core.2.4.13.dylib; sourceTree = "<group>"; };
		7CAFB30E1EEF922A00AB4609 /* libopencv_core.2.4.dylib */ = {isa = PBXFileReference; lastKnownFileType = "compiled.mach-o.dylib"; name = libopencv_core.2.4.dylib; path = ../../../../../usr/local/Cellar/opencv/2.4.13.2/lib/libopencv_core.2.4.dylib; sourceTree = "<group>"; };
		7CAFB30F1EEF922A00AB4609 /* libopencv_core.dylib */ = {isa = PBXFileReference; lastKnownFileType = "compiled.mach-o.dylib"; name = libopencv_core.dylib; path = ../../../../../usr/local/Cellar/opencv/2.4.13.2/lib/libopencv_core.dylib; sourceTree = "<group>"; };
		7CAFB3101EEF922A00AB4609 /* libopencv_features2d.2.4.13.dylib */ = {isa = PBXFileReference; lastKnownFileType = "compiled.mach-o.dylib"; name = libopencv_features2d.2.4.13.dylib; path = ../../../../../usr/local/Cellar/opencv/2.4.13.2/lib/libopencv_features2d.2.4.13.dylib; sourceTree = "<group>"; };
		7CAFB3111EEF922A00AB4609 /* libopencv_features2d.2.4.dylib */ = {isa = PBXFileReference; lastKnownFileType = "compiled.mach-o.dylib"; name = libopencv_features2d.2.4.dylib; path = ../../../../../usr/local/Cellar/opencv/2.4.13.2/lib/libopencv_features2d.2.4.dylib; sourceTree = "<group>"; };
		7CAFB3121EEF922A00AB4609 /* libopencv_features2d.dylib */ = {isa = PBXFileReference; lastKnownFileType = "compiled.mach-o.dylib"; name = libopencv_features2d.dylib; path = ../../../../../usr/local/Cellar/opencv/2.4.13.2/lib/libopencv_features2d.dylib; sourceTree = "<group>"; };
		7CAFB3131EEF922A00AB4609 /* libopencv_flann.2.4.13.dylib */ = {isa = PBXFileReference; lastKnownFileType = "compiled.mach-o.dylib"; name = libopencv_flann.2.4.13.dylib; path = ../../../../../usr/local/Cellar/opencv/2.4.13.2/lib/libopencv_flann.2.4.13.dylib; sourceTree = "<group>"; };
		7CAFB3141EEF922A00AB4609 /* libopencv_flann.2.4.dylib */ = {isa = PBXFileReference; lastKnownFileType = "compiled.mach-o.dylib"; name = libopencv_flann.2.4.dylib; path = ../../../../../usr/local/Cellar/opencv/2.4.13.2/lib/libopencv_flann.2.4.dylib; sourceTree = "<group>"; };
		7CAFB3151EEF922A00AB4609 /* libopencv_flann.dylib */ = {isa = PBXFileReference; lastKnownFileType = "compiled.mach-o.dylib"; name = libopencv_flann.dylib; path = ../../../../../usr/local/Cellar/opencv/2.4.13.2/lib/libopencv_flann.dylib; sourceTree = "<group>"; };
		7CAFB3161EEF922A00AB4609 /* libopencv_gpu.2.4.13.dylib */ = {isa = PBXFileReference; lastKnownFileType = "compiled.mach-o.dylib"; name = libopencv_gpu.2.4.13.dylib; path = ../../../../../usr/local/Cellar/opencv/2.4.13.2/lib/libopencv_gpu.2.4.13.dylib; sourceTree = "<group>"; };
		7CAFB3171EEF922A00AB4609 /* libopencv_gpu.2.4.dylib */ = {isa = PBXFileReference; lastKnownFileType = "compiled.mach-o.dylib"; name = libopencv_gpu.2.4.dylib; path = ../../../../../usr/local/Cellar/opencv/2.4.13.2/lib/libopencv_gpu.2.4.dylib; sourceTree = "<group>"; };
		7CAFB3181EEF922A00AB4609 /* libopencv_gpu.dylib */ = {isa = PBXFileReference; lastKnownFileType = "compiled.mach-o.dylib"; name = libopencv_gpu.dylib; path = ../../../../../usr/local/Cellar/opencv/2.4.13.2/lib/libopencv_gpu.dylib; sourceTree = "<group>"; };
		7CAFB3191EEF922A00AB4609 /* libopencv_highgui.2.4.13.dylib */ = {isa = PBXFileReference; lastKnownFileType = "compiled.mach-o.dylib"; name = libopencv_highgui.2.4.13.dylib; path = ../../../../../usr/local/Cellar/opencv/2.4.13.2/lib/libopencv_highgui.2.4.13.dylib; sourceTree = "<group>"; };
		7CAFB31A1EEF922A00AB4609 /* libopencv_highgui.2.4.dylib */ = {isa = PBXFileReference; lastKnownFileType = "compiled.mach-o.dylib"; name = libopencv_highgui.2.4.dylib; path = ../../../../../usr/local/Cellar/opencv/2.4.13.2/lib/libopencv_highgui.2.4.dylib; sourceTree = "<group>"; };
		7CAFB31B1EEF922A00AB4609 /* libopencv_highgui.dylib */ = {isa = PBXFileReference; lastKnownFileType = "compiled.mach-o.dylib"; name = libopencv_highgui.dylib; path = ../../../../../usr/local/Cellar/opencv/2.4.13.2/lib/libopencv_highgui.dylib; sourceTree = "<group>"; };
		7CAFB31C1EEF922A00AB4609 /* libopencv_imgproc.2.4.13.dylib */ = {isa = PBXFileReference; lastKnownFileType = "compiled.mach-o.dylib"; name = libopencv_imgproc.2.4.13.dylib; path = ../../../../../usr/local/Cellar/opencv/2.4.13.2/lib/libopencv_imgproc.2.4.13.dylib; sourceTree = "<group>"; };
		7CAFB31D1EEF922A00AB4609 /* libopencv_imgproc.2.4.dylib */ = {isa = PBXFileReference; lastKnownFileType = "compiled.mach-o.dylib"; name = libopencv_imgproc.2.4.dylib; path = ../../../../../usr/local/Cellar/opencv/2.4.13.2/lib/libopencv_imgproc.2.4.dylib; sourceTree = "<group>"; };
		7CAFB31E1EEF922A00AB4609 /* libopencv_imgproc.dylib */ = {isa = PBXFileReference; lastKnownFileType = "compiled.mach-o.dylib"; name = libopencv_imgproc.dylib; path = ../../../../../usr/local/Cellar/opencv/2.4.13.2/lib/libopencv_imgproc.dylib; sourceTree = "<group>"; };
		7CAFB31F1EEF922A00AB4609 /* libopencv_legacy.2.4.13.dylib */ = {isa = PBXFileReference; lastKnownFileType = "compiled.mach-o.dylib"; name = libopencv_legacy.2.4.13.dylib; path = ../../../../../usr/local/Cellar/opencv/2.4.13.2/lib/libopencv_legacy.2.4.13.dylib; sourceTree = "<group>"; };
		7CAFB3201EEF922A00AB4609 /* libopencv_legacy.2.4.dylib */ = {isa = PBXFileReference; lastKnownFileType = "compiled.mach-o.dylib"; name = libopencv_legacy.2.4.dylib; path = ../../../../../usr/local/Cellar/opencv/2.4.13.2/lib/libopencv_legacy.2.4.dylib; sourceTree = "<group>"; };
		7CAFB3211EEF922A00AB4609 /* libopencv_legacy.dylib */ = {isa = PBXFileReference; lastKnownFileType = "compiled.mach-o.dylib"; name = libopencv_legacy.dylib; path = ../../../../../usr/local/Cellar/opencv/2.4.13.2/lib/libopencv_legacy.dylib; sourceTree = "<group>"; };
		7CAFB3221EEF922A00AB4609 /* libopencv_ml.2.4.13.dylib */ = {isa = PBXFileReference; lastKnownFileType = "compiled.mach-o.dylib"; name = libopencv_ml.2.4.13.dylib; path = ../../../../../usr/local/Cellar/opencv/2.4.13.2/lib/libopencv_ml.2.4.13.dylib; sourceTree = "<group>"; };
		7CAFB3231EEF922A00AB4609 /* libopencv_ml.2.4.dylib */ = {isa = PBXFileReference; lastKnownFileType = "compiled.mach-o.dylib"; name = libopencv_ml.2.4.dylib; path = ../../../../../usr/local/Cellar/opencv/2.4.13.2/lib/libopencv_ml.2.4.dylib; sourceTree = "<group>"; };
		7CAFB3241EEF922A00AB4609 /* libopencv_ml.dylib */ = {isa = PBXFileReference; lastKnownFileType = "compiled.mach-o.dylib"; name = libopencv_ml.dylib; path = ../../../../../usr/local/Cellar/opencv/2.4.13.2/lib/libopencv_ml.dylib; sourceTree = "<group>"; };
		7CAFB3251EEF922A00AB4609 /* libopencv_nonfree.2.4.13.dylib */ = {isa = PBXFileReference; lastKnownFileType = "compiled.mach-o.dylib"; name = libopencv_nonfree.2.4.13.dylib; path = ../../../../../usr/local/Cellar/opencv/2.4.13.2/lib/libopencv_nonfree.2.4.13.dylib; sourceTree = "<group>"; };
		7CAFB3261EEF922A00AB4609 /* libopencv_nonfree.2.4.dylib */ = {isa = PBXFileReference; lastKnownFileType = "compiled.mach-o.dylib"; name = libopencv_nonfree.2.4.dylib; path = ../../../../../usr/local/Cellar/opencv/2.4.13.2/lib/libopencv_nonfree.2.4.dylib; sourceTree = "<group>"; };
		7CAFB3271EEF922A00AB4609 /* libopencv_nonfree.dylib */ = {isa = PBXFileReference; lastKnownFileType = "compiled.mach-o.dylib"; name = libopencv_nonfree.dylib; path = ../../../../../usr/local/Cellar/opencv/2.4.13.2/lib/libopencv_nonfree.dylib; sourceTree = "<group>"; };
		7CAFB3281EEF922A00AB4609 /* libopencv_objdetect.2.4.13.dylib */ = {isa = PBXFileReference; lastKnownFileType = "compiled.mach-o.dylib"; name = libopencv_objdetect.2.4.13.dylib; path = ../../../../../usr/local/Cellar/opencv/2.4.13.2/lib/libopencv_objdetect.2.4.13.dylib; sourceTree = "<group>"; };
		7CAFB3291EEF922A00AB4609 /* libopencv_objdetect.2.4.dylib */ = {isa = PBXFileReference; lastKnownFileType = "compiled.mach-o.dylib"; name = libopencv_objdetect.2.4.dylib; path = ../../../../../usr/local/Cellar/opencv/2.4.13.2/lib/libopencv_objdetect.2.4.dylib; sourceTree = "<group>"; };
		7CAFB32A1EEF922A00AB4609 /* libopencv_objdetect.dylib */ = {isa = PBXFileReference; lastKnownFileType = "compiled.mach-o.dylib"; name = libopencv_objdetect.dylib; path = ../../../../../usr/local/Cellar/opencv/2.4.13.2/lib/libopencv_objdetect.dylib; sourceTree = "<group>"; };
		7CAFB32B1EEF922A00AB4609 /* libopencv_ocl.2.4.13.dylib */ = {isa = PBXFileReference; lastKnownFileType = "compiled.mach-o.dylib"; name = libopencv_ocl.2.4.13.dylib; path = ../../../../../usr/local/Cellar/opencv/2.4.13.2/lib/libopencv_ocl.2.4.13.dylib; sourceTree = "<group>"; };
		7CAFB32C1EEF922A00AB4609 /* libopencv_ocl.2.4.dylib */ = {isa = PBXFileReference; lastKnownFileType = "compiled.mach-o.dylib"; name = libopencv_ocl.2.4.dylib; path = ../../../../../usr/local/Cellar/opencv/2.4.13.2/lib/libopencv_ocl.2.4.dylib; sourceTree = "<group>"; };
		7CAFB32D1EEF922A00AB4609 /* libopencv_ocl.dylib */ = {isa = PBXFileReference; lastKnownFileType = "compiled.mach-o.dylib"; name = libopencv_ocl.dylib; path = ../../../../../usr/local/Cellar/opencv/2.4.13.2/lib/libopencv_ocl.dylib; sourceTree = "<group>"; };
		7CAFB32E1EEF922A00AB4609 /* libopencv_photo.2.4.13.dylib */ = {isa = PBXFileReference; lastKnownFileType = "compiled.mach-o.dylib"; name = libopencv_photo.2.4.13.dylib; path = ../../../../../usr/local/Cellar/opencv/2.4.13.2/lib/libopencv_photo.2.4.13.dylib; sourceTree = "<group>"; };
		7CAFB32F1EEF922A00AB4609 /* libopencv_photo.2.4.dylib */ = {isa = PBXFileReference; lastKnownFileType = "compiled.mach-o.dylib"; name = libopencv_photo.2.4.dylib; path = ../../../../../usr/local/Cellar/opencv/2.4.13.2/lib/libopencv_photo.2.4.dylib; sourceTree = "<group>"; };
		7CAFB3301EEF922A00AB4609 /* libopencv_photo.dylib */ = {isa = PBXFileReference; lastKnownFileType = "compiled.mach-o.dylib"; name = libopencv_photo.dylib; path = ../../../../../usr/local/Cellar/opencv/2.4.13.2/lib/libopencv_photo.dylib; sourceTree = "<group>"; };
		7CAFB3311EEF922A00AB4609 /* libopencv_stitching.2.4.13.dylib */ = {isa = PBXFileReference; lastKnownFileType = "compiled.mach-o.dylib"; name = libopencv_stitching.2.4.13.dylib; path = ../../../../../usr/local/Cellar/opencv/2.4.13.2/lib/libopencv_stitching.2.4.13.dylib; sourceTree = "<group>"; };
		7CAFB3321EEF922A00AB4609 /* libopencv_stitching.2.4.dylib */ = {isa = PBXFileReference; lastKnownFileType = "compiled.mach-o.dylib"; name = libopencv_stitching.2.4.dylib; path = ../../../../../usr/local/Cellar/opencv/2.4.13.2/lib/libopencv_stitching.2.4.dylib; sourceTree = "<group>"; };
		7CAFB3331EEF922A00AB4609 /* libopencv_stitching.dylib */ = {isa = PBXFileReference; lastKnownFileType = "compiled.mach-o.dylib"; name = libopencv_stitching.dylib; path = ../../../../../usr/local/Cellar/opencv/2.4.13.2/lib/libopencv_stitching.dylib; sourceTree = "<group>"; };
		7CAFB3341EEF922A00AB4609 /* libopencv_superres.2.4.13.dylib */ = {isa = PBXFileReference; lastKnownFileType = "compiled.mach-o.dylib"; name = libopencv_superres.2.4.13.dylib; path = ../../../../../usr/local/Cellar/opencv/2.4.13.2/lib/libopencv_superres.2.4.13.dylib; sourceTree = "<group>"; };
		7CAFB3351EEF922A00AB4609 /* libopencv_superres.2.4.dylib */ = {isa = PBXFileReference; lastKnownFileType = "compiled.mach-o.dylib"; name = libopencv_superres.2.4.dylib; path = ../../../../../usr/local/Cellar/opencv/2.4.13.2/lib/libopencv_superres.2.4.dylib; sourceTree = "<group>"; };
		7CAFB3361EEF922A00AB4609 /* libopencv_superres.dylib */ = {isa = PBXFileReference; lastKnownFileType = "compiled.mach-o.dylib"; name = libopencv_superres.dylib; path = ../../../../../usr/local/Cellar/opencv/2.4.13.2/lib/libopencv_superres.dylib; sourceTree = "<group>"; };
		7CAFB3371EEF922A00AB4609 /* libopencv_ts.a */ = {isa = PBXFileReference; lastKnownFileType = archive.ar; name = libopencv_ts.a; path = ../../../../../usr/local/Cellar/opencv/2.4.13.2/lib/libopencv_ts.a; sourceTree = "<group>"; };
		7CAFB3381EEF922A00AB4609 /* libopencv_video.2.4.13.dylib */ = {isa = PBXFileReference; lastKnownFileType = "compiled.mach-o.dylib"; name = libopencv_video.2.4.13.dylib; path = ../../../../../usr/local/Cellar/opencv/2.4.13.2/lib/libopencv_video.2.4.13.dylib; sourceTree = "<group>"; };
		7CAFB3391EEF922A00AB4609 /* libopencv_video.2.4.dylib */ = {isa = PBXFileReference; lastKnownFileType = "compiled.mach-o.dylib"; name = libopencv_video.2.4.dylib; path = ../../../../../usr/local/Cellar/opencv/2.4.13.2/lib/libopencv_video.2.4.dylib; sourceTree = "<group>"; };
		7CAFB33A1EEF922A00AB4609 /* libopencv_video.dylib */ = {isa = PBXFileReference; lastKnownFileType = "compiled.mach-o.dylib"; name = libopencv_video.dylib; path = ../../../../../usr/local/Cellar/opencv/2.4.13.2/lib/libopencv_video.dylib; sourceTree = "<group>"; };
		7CAFB33B1EEF922A00AB4609 /* libopencv_videostab.2.4.13.dylib */ = {isa = PBXFileReference; lastKnownFileType = "compiled.mach-o.dylib"; name = libopencv_videostab.2.4.13.dylib; path = ../../../../../usr/local/Cellar/opencv/2.4.13.2/lib/libopencv_videostab.2.4.13.dylib; sourceTree = "<group>"; };
		7CAFB33C1EEF922A00AB4609 /* libopencv_videostab.2.4.dylib */ = {isa = PBXFileReference; lastKnownFileType = "compiled.mach-o.dylib"; name = libopencv_videostab.2.4.dylib; path = ../../../../../usr/local/Cellar/opencv/2.4.13.2/lib/libopencv_videostab.2.4.dylib; sourceTree = "<group>"; };
		7CAFB33D1EEF922A00AB4609 /* libopencv_videostab.dylib */ = {isa = PBXFileReference; lastKnownFileType = "compiled.mach-o.dylib"; name = libopencv_videostab.dylib; path = ../../../../../usr/local/Cellar/opencv/2.4.13.2/lib/libopencv_videostab.dylib; sourceTree = "<group>"; };
/* End PBXFileReference section */

/* Begin PBXFrameworksBuildPhase section */
		7CAFB2E11EEF790500AB4609 /* Frameworks */ = {
			isa = PBXFrameworksBuildPhase;
			buildActionMask = 2147483647;
			files = (
				7CAFB3061EEF830500AB4609 /* libc++.tbd in Frameworks */,
				7CAFB33E1EEF922A00AB4609 /* libopencv_calib3d.2.4.13.dylib in Frameworks */,
				7CAFB33F1EEF922A00AB4609 /* libopencv_calib3d.2.4.dylib in Frameworks */,
				7CAFB3401EEF922A00AB4609 /* libopencv_calib3d.dylib in Frameworks */,
				7CAFB3411EEF922A00AB4609 /* libopencv_contrib.2.4.13.dylib in Frameworks */,
				7CAFB3421EEF922A00AB4609 /* libopencv_contrib.2.4.dylib in Frameworks */,
				7CAFB3431EEF922A00AB4609 /* libopencv_contrib.dylib in Frameworks */,
				7CAFB3441EEF922A00AB4609 /* libopencv_core.2.4.13.dylib in Frameworks */,
				7CAFB3451EEF922A00AB4609 /* libopencv_core.2.4.dylib in Frameworks */,
				7CAFB3461EEF922A00AB4609 /* libopencv_core.dylib in Frameworks */,
				7CAFB3471EEF922A00AB4609 /* libopencv_features2d.2.4.13.dylib in Frameworks */,
				7CAFB3481EEF922A00AB4609 /* libopencv_features2d.2.4.dylib in Frameworks */,
				7CAFB3491EEF922A00AB4609 /* libopencv_features2d.dylib in Frameworks */,
				7CAFB34A1EEF922A00AB4609 /* libopencv_flann.2.4.13.dylib in Frameworks */,
				7CAFB34B1EEF922A00AB4609 /* libopencv_flann.2.4.dylib in Frameworks */,
				7CAFB34C1EEF922A00AB4609 /* libopencv_flann.dylib in Frameworks */,
				7CAFB34D1EEF922A00AB4609 /* libopencv_gpu.2.4.13.dylib in Frameworks */,
				7CAFB34E1EEF922A00AB4609 /* libopencv_gpu.2.4.dylib in Frameworks */,
				7CAFB34F1EEF922A00AB4609 /* libopencv_gpu.dylib in Frameworks */,
				7CAFB3501EEF922A00AB4609 /* libopencv_highgui.2.4.13.dylib in Frameworks */,
				7CAFB3511EEF922A00AB4609 /* libopencv_highgui.2.4.dylib in Frameworks */,
				7CAFB3521EEF922A00AB4609 /* libopencv_highgui.dylib in Frameworks */,
				7CAFB3531EEF922A00AB4609 /* libopencv_imgproc.2.4.13.dylib in Frameworks */,
				7CAFB3541EEF922A00AB4609 /* libopencv_imgproc.2.4.dylib in Frameworks */,
				7CAFB3551EEF922A00AB4609 /* libopencv_imgproc.dylib in Frameworks */,
				7CAFB3561EEF922A00AB4609 /* libopencv_legacy.2.4.13.dylib in Frameworks */,
				7CAFB3571EEF922A00AB4609 /* libopencv_legacy.2.4.dylib in Frameworks */,
				7CAFB3581EEF922A00AB4609 /* libopencv_legacy.dylib in Frameworks */,
				7CAFB3591EEF922A00AB4609 /* libopencv_ml.2.4.13.dylib in Frameworks */,
				7CAFB35A1EEF922A00AB4609 /* libopencv_ml.2.4.dylib in Frameworks */,
				7CAFB35B1EEF922A00AB4609 /* libopencv_ml.dylib in Frameworks */,
				7CAFB35C1EEF922A00AB4609 /* libopencv_nonfree.2.4.13.dylib in Frameworks */,
				7CAFB35D1EEF922A00AB4609 /* libopencv_nonfree.2.4.dylib in Frameworks */,
				7CAFB35E1EEF922A00AB4609 /* libopencv_nonfree.dylib in Frameworks */,
				7CAFB35F1EEF922B00AB4609 /* libopencv_objdetect.2.4.13.dylib in Frameworks */,
				7CAFB3601EEF922B00AB4609 /* libopencv_objdetect.2.4.dylib in Frameworks */,
				7CAFB3611EEF922B00AB4609 /* libopencv_objdetect.dylib in Frameworks */,
				7CAFB3621EEF922B00AB4609 /* libopencv_ocl.2.4.13.dylib in Frameworks */,
				7CAFB3631EEF922B00AB4609 /* libopencv_ocl.2.4.dylib in Frameworks */,
				7CAFB3641EEF922B00AB4609 /* libopencv_ocl.dylib in Frameworks */,
				7CAFB3651EEF922B00AB4609 /* libopencv_photo.2.4.13.dylib in Frameworks */,
				7CAFB3661EEF922B00AB4609 /* libopencv_photo.2.4.dylib in Frameworks */,
				7CAFB3671EEF922B00AB4609 /* libopencv_photo.dylib in Frameworks */,
				7CAFB3681EEF922B00AB4609 /* libopencv_stitching.2.4.13.dylib in Frameworks */,
				7CAFB3691EEF922B00AB4609 /* libopencv_stitching.2.4.dylib in Frameworks */,
				7CAFB36A1EEF922B00AB4609 /* libopencv_stitching.dylib in Frameworks */,
				7CAFB36B1EEF922B00AB4609 /* libopencv_superres.2.4.13.dylib in Frameworks */,
				7CAFB36C1EEF922B00AB4609 /* libopencv_superres.2.4.dylib in Frameworks */,
				7CAFB36D1EEF922B00AB4609 /* libopencv_superres.dylib in Frameworks */,
				7CAFB36E1EEF922B00AB4609 /* libopencv_ts.a in Frameworks */,
				7CAFB36F1EEF922B00AB4609 /* libopencv_video.2.4.13.dylib in Frameworks */,
				7CAFB3701EEF922B00AB4609 /* libopencv_video.2.4.dylib in Frameworks */,
				7CAFB3711EEF922B00AB4609 /* libopencv_video.dylib in Frameworks */,
				7CAFB3721EEF922B00AB4609 /* libopencv_videostab.2.4.13.dylib in Frameworks */,
				7CAFB3731EEF922B00AB4609 /* libopencv_videostab.2.4.dylib in Frameworks */,
				7CAFB3741EEF922B00AB4609 /* libopencv_videostab.dylib in Frameworks */,
			);
			runOnlyForDeploymentPostprocessing = 0;
		};
/* End PBXFrameworksBuildPhase section */

/* Begin PBXGroup section */
		7CAFB2DB1EEF790500AB4609 = {
			isa = PBXGroup;
			children = (
				7CAFB2E61EEF790500AB4609 /* opencvLearn */,
				7CAFB2E51EEF790500AB4609 /* Products */,
				7CAFB3041EEF830500AB4609 /* Frameworks */,
			);
			sourceTree = "<group>";
		};
		7CAFB2E51EEF790500AB4609 /* Products */ = {
			isa = PBXGroup;
			children = (
				7CAFB2E41EEF790500AB4609 /* opencvLearn.app */,
			);
			name = Products;
			sourceTree = "<group>";
		};
		7CAFB2E61EEF790500AB4609 /* opencvLearn */ = {
			isa = PBXGroup;
			children = (
				7CAFB2E71EEF790500AB4609 /* AppDelegate.h */,
				7CAFB2E81EEF790500AB4609 /* AppDelegate.m */,
				7CAFB2ED1EEF790500AB4609 /* ViewController.h */,
				7CAFB2EE1EEF790500AB4609 /* ViewController.mm */,
				7CAFB3011EEF813900AB4609 /* OpenCVLearn.cpp */,
				7CAFB3021EEF813900AB4609 /* OpenCVLearn.hpp */,
				7CAFB2F01EEF790500AB4609 /* Assets.xcassets */,
				7CAFB2F21EEF790500AB4609 /* Main.storyboard */,
				7CAFB2F51EEF790500AB4609 /* Info.plist */,
				7CAFB2EA1EEF790500AB4609 /* Supporting Files */,
			);
			path = opencvLearn;
			sourceTree = "<group>";
		};
		7CAFB2EA1EEF790500AB4609 /* Supporting Files */ = {
			isa = PBXGroup;
			children = (
				7CAFB2EB1EEF790500AB4609 /* main.m */,
			);
			name = "Supporting Files";
			sourceTree = "<group>";
		};
		7CAFB3041EEF830500AB4609 /* Frameworks */ = {
			isa = PBXGroup;
			children = (
				7CAFB3071EEF922A00AB4609 /* libopencv_calib3d.2.4.13.dylib */,
				7CAFB3081EEF922A00AB4609 /* libopencv_calib3d.2.4.dylib */,
				7CAFB3091EEF922A00AB4609 /* libopencv_calib3d.dylib */,
				7CAFB30A1EEF922A00AB4609 /* libopencv_contrib.2.4.13.dylib */,
				7CAFB30B1EEF922A00AB4609 /* libopencv_contrib.2.4.dylib */,
				7CAFB30C1EEF922A00AB4609 /* libopencv_contrib.dylib */,
				7CAFB30D1EEF922A00AB4609 /* libopencv_core.2.4.13.dylib */,
				7CAFB30E1EEF922A00AB4609 /* libopencv_core.2.4.dylib */,
				7CAFB30F1EEF922A00AB4609 /* libopencv_core.dylib */,
				7CAFB3101EEF922A00AB4609 /* libopencv_features2d.2.4.13.dylib */,
				7CAFB3111EEF922A00AB4609 /* libopencv_features2d.2.4.dylib */,
				7CAFB3121EEF922A00AB4609 /* libopencv_features2d.dylib */,
				7CAFB3131EEF922A00AB4609 /* libopencv_flann.2.4.13.dylib */,
				7CAFB3141EEF922A00AB4609 /* libopencv_flann.2.4.dylib */,
				7CAFB3151EEF922A00AB4609 /* libopencv_flann.dylib */,
				7CAFB3161EEF922A00AB4609 /* libopencv_gpu.2.4.13.dylib */,
				7CAFB3171EEF922A00AB4609 /* libopencv_gpu.2.4.dylib */,
				7CAFB3181EEF922A00AB4609 /* libopencv_gpu.dylib */,
				7CAFB3191EEF922A00AB4609 /* libopencv_highgui.2.4.13.dylib */,
				7CAFB31A1EEF922A00AB4609 /* libopencv_highgui.2.4.dylib */,
				7CAFB31B1EEF922A00AB4609 /* libopencv_highgui.dylib */,
				7CAFB31C1EEF922A00AB4609 /* libopencv_imgproc.2.4.13.dylib */,
				7CAFB31D1EEF922A00AB4609 /* libopencv_imgproc.2.4.dylib */,
				7CAFB31E1EEF922A00AB4609 /* libopencv_imgproc.dylib */,
				7CAFB31F1EEF922A00AB4609 /* libopencv_legacy.2.4.13.dylib */,
				7CAFB3201EEF922A00AB4609 /* libopencv_legacy.2.4.dylib */,
				7CAFB3211EEF922A00AB4609 /* libopencv_legacy.dylib */,
				7CAFB3221EEF922A00AB4609 /* libopencv_ml.2.4.13.dylib */,
				7CAFB3231EEF922A00AB4609 /* libopencv_ml.2.4.dylib */,
				7CAFB3241EEF922A00AB4609 /* libopencv_ml.dylib */,
				7CAFB3251EEF922A00AB4609 /* libopencv_nonfree.2.4.13.dylib */,
				7CAFB3261EEF922A00AB4609 /* libopencv_nonfree.2.4.dylib */,
				7CAFB3271EEF922A00AB4609 /* libopencv_nonfree.dylib */,
				7CAFB3281EEF922A00AB4609 /* libopencv_objdetect.2.4.13.dylib */,
				7CAFB3291EEF922A00AB4609 /* libopencv_objdetect.2.4.dylib */,
				7CAFB32A1EEF922A00AB4609 /* libopencv_objdetect.dylib */,
				7CAFB32B1EEF922A00AB4609 /* libopencv_ocl.2.4.13.dylib */,
				7CAFB32C1EEF922A00AB4609 /* libopencv_ocl.2.4.dylib */,
				7CAFB32D1EEF922A00AB4609 /* libopencv_ocl.dylib */,
				7CAFB32E1EEF922A00AB4609 /* libopencv_photo.2.4.13.dylib */,
				7CAFB32F1EEF922A00AB4609 /* libopencv_photo.2.4.dylib */,
				7CAFB3301EEF922A00AB4609 /* libopencv_photo.dylib */,
				7CAFB3311EEF922A00AB4609 /* libopencv_stitching.2.4.13.dylib */,
				7CAFB3321EEF922A00AB4609 /* libopencv_stitching.2.4.dylib */,
				7CAFB3331EEF922A00AB4609 /* libopencv_stitching.dylib */,
				7CAFB3341EEF922A00AB4609 /* libopencv_superres.2.4.13.dylib */,
				7CAFB3351EEF922A00AB4609 /* libopencv_superres.2.4.dylib */,
				7CAFB3361EEF922A00AB4609 /* libopencv_superres.dylib */,
				7CAFB3371EEF922A00AB4609 /* libopencv_ts.a */,
				7CAFB3381EEF922A00AB4609 /* libopencv_video.2.4.13.dylib */,
				7CAFB3391EEF922A00AB4609 /* libopencv_video.2.4.dylib */,
				7CAFB33A1EEF922A00AB4609 /* libopencv_video.dylib */,
				7CAFB33B1EEF922A00AB4609 /* libopencv_videostab.2.4.13.dylib */,
				7CAFB33C1EEF922A00AB4609 /* libopencv_videostab.2.4.dylib */,
				7CAFB33D1EEF922A00AB4609 /* libopencv_videostab.dylib */,
				7CAFB3051EEF830500AB4609 /* libc++.tbd */,
			);
			name = Frameworks;
			sourceTree = "<group>";
		};
/* End PBXGroup section */

/* Begin PBXNativeTarget section */
		7CAFB2E31EEF790500AB4609 /* opencvLearn */ = {
			isa = PBXNativeTarget;
			buildConfigurationList = 7CAFB2F81EEF790500AB4609 /* Build configuration list for PBXNativeTarget "opencvLearn" */;
			buildPhases = (
				7CAFB2E01EEF790500AB4609 /* Sources */,
				7CAFB2E11EEF790500AB4609 /* Frameworks */,
				7CAFB2E21EEF790500AB4609 /* Resources */,
			);
			buildRules = (
			);
			dependencies = (
			);
			name = opencvLearn;
			productName = opencvLearn;
			productReference = 7CAFB2E41EEF790500AB4609 /* opencvLearn.app */;
			productType = "com.apple.product-type.application";
		};
/* End PBXNativeTarget section */

/* Begin PBXProject section */
		7CAFB2DC1EEF790500AB4609 /* Project object */ = {
			isa = PBXProject;
			attributes = {
				LastUpgradeCheck = 0830;
				ORGANIZATIONNAME = "陈家奇";
				TargetAttributes = {
					7CAFB2E31EEF790500AB4609 = {
						CreatedOnToolsVersion = 8.3.3;
						ProvisioningStyle = Automatic;
					};
				};
			};
			buildConfigurationList = 7CAFB2DF1EEF790500AB4609 /* Build configuration list for PBXProject "opencvLearn" */;
			compatibilityVersion = "Xcode 3.2";
			developmentRegion = English;
			hasScannedForEncodings = 0;
			knownRegions = (
				en,
				Base,
			);
			mainGroup = 7CAFB2DB1EEF790500AB4609;
			productRefGroup = 7CAFB2E51EEF790500AB4609 /* Products */;
			projectDirPath = "";
			projectRoot = "";
			targets = (
				7CAFB2E31EEF790500AB4609 /* opencvLearn */,
			);
		};
/* End PBXProject section */

/* Begin PBXResourcesBuildPhase section */
		7CAFB2E21EEF790500AB4609 /* Resources */ = {
			isa = PBXResourcesBuildPhase;
			buildActionMask = 2147483647;
			files = (
				7CAFB2F11EEF790500AB4609 /* Assets.xcassets in Resources */,
				7CAFB2F41EEF790500AB4609 /* Main.storyboard in Resources */,
			);
			runOnlyForDeploymentPostprocessing = 0;
		};
/* End PBXResourcesBuildPhase section */

/* Begin PBXSourcesBuildPhase section */
		7CAFB2E01EEF790500AB4609 /* Sources */ = {
			isa = PBXSourcesBuildPhase;
			buildActionMask = 2147483647;
			files = (
				7CAFB2EF1EEF790500AB4609 /* ViewController.mm in Sources */,
				7CAFB3031EEF813900AB4609 /* OpenCVLearn.cpp in Sources */,
				7CAFB2EC1EEF790500AB4609 /* main.m in Sources */,
				7CAFB2E91EEF790500AB4609 /* AppDelegate.m in Sources */,
			);
			runOnlyForDeploymentPostprocessing = 0;
		};
/* End PBXSourcesBuildPhase section */

/* Begin PBXVariantGroup section */
		7CAFB2F21EEF790500AB4609 /* Main.storyboard */ = {
			isa = PBXVariantGroup;
			children = (
				7CAFB2F31EEF790500AB4609 /* Base */,
			);
			name = Main.storyboard;
			sourceTree = "<group>";
		};
/* End PBXVariantGroup section */

/* Begin XCBuildConfiguration section */
		7CAFB2F61EEF790500AB4609 /* Debug */ = {
			isa = XCBuildConfiguration;
			buildSettings = {
				ALWAYS_SEARCH_USER_PATHS = NO;
				CLANG_ANALYZER_NONNULL = YES;
				CLANG_ANALYZER_NUMBER_OBJECT_CONVERSION = YES_AGGRESSIVE;
				CLANG_CXX_LANGUAGE_STANDARD = "gnu++0x";
				CLANG_CXX_LIBRARY = "libc++";
				CLANG_ENABLE_MODULES = YES;
				CLANG_ENABLE_OBJC_ARC = YES;
				CLANG_WARN_BOOL_CONVERSION = YES;
				CLANG_WARN_CONSTANT_CONVERSION = YES;
				CLANG_WARN_DIRECT_OBJC_ISA_USAGE = YES_ERROR;
				CLANG_WARN_DOCUMENTATION_COMMENTS = YES;
				CLANG_WARN_EMPTY_BODY = YES;
				CLANG_WARN_ENUM_CONVERSION = YES;
				CLANG_WARN_INFINITE_RECURSION = YES;
				CLANG_WARN_INT_CONVERSION = YES;
				CLANG_WARN_OBJC_ROOT_CLASS = YES_ERROR;
				CLANG_WARN_SUSPICIOUS_MOVE = YES;
				CLANG_WARN_UNREACHABLE_CODE = YES;
				CLANG_WARN__DUPLICATE_METHOD_MATCH = YES;
				CODE_SIGN_IDENTITY = "-";
				COPY_PHASE_STRIP = NO;
				DEBUG_INFORMATION_FORMAT = dwarf;
				ENABLE_STRICT_OBJC_MSGSEND = YES;
				ENABLE_TESTABILITY = YES;
				GCC_C_LANGUAGE_STANDARD = gnu99;
				GCC_DYNAMIC_NO_PIC = NO;
				GCC_NO_COMMON_BLOCKS = YES;
				GCC_OPTIMIZATION_LEVEL = 0;
				GCC_PREPROCESSOR_DEFINITIONS = (
					"DEBUG=1",
					"$(inherited)",
				);
				GCC_WARN_64_TO_32_BIT_CONVERSION = YES;
				GCC_WARN_ABOUT_RETURN_TYPE = YES_ERROR;
				GCC_WARN_UNDECLARED_SELECTOR = YES;
				GCC_WARN_UNINITIALIZED_AUTOS = YES_AGGRESSIVE;
				GCC_WARN_UNUSED_FUNCTION = YES;
				GCC_WARN_UNUSED_VARIABLE = YES;
				MACOSX_DEPLOYMENT_TARGET = 10.12;
				MTL_ENABLE_DEBUG_INFO = YES;
				ONLY_ACTIVE_ARCH = YES;
				SDKROOT = macosx;
			};
			name = Debug;
		};
		7CAFB2F71EEF790500AB4609 /* Release */ = {
			isa = XCBuildConfiguration;
			buildSettings = {
				ALWAYS_SEARCH_USER_PATHS = NO;
				CLANG_ANALYZER_NONNULL = YES;
				CLANG_ANALYZER_NUMBER_OBJECT_CONVERSION = YES_AGGRESSIVE;
				CLANG_CXX_LANGUAGE_STANDARD = "gnu++0x";
				CLANG_CXX_LIBRARY = "libc++";
				CLANG_ENABLE_MODULES = YES;
				CLANG_ENABLE_OBJC_ARC = YES;
				CLANG_WARN_BOOL_CONVERSION = YES;
				CLANG_WARN_CONSTANT_CONVERSION = YES;
				CLANG_WARN_DIRECT_OBJC_ISA_USAGE = YES_ERROR;
				CLANG_WARN_DOCUMENTATION_COMMENTS = YES;
				CLANG_WARN_EMPTY_BODY = YES;
				CLANG_WARN_ENUM_CONVERSION = YES;
				CLANG_WARN_INFINITE_RECURSION = YES;
				CLANG_WARN_INT_CONVERSION = YES;
				CLANG_WARN_OBJC_ROOT_CLASS = YES_ERROR;
				CLANG_WARN_SUSPICIOUS_MOVE = YES;
				CLANG_WARN_UNREACHABLE_CODE = YES;
				CLANG_WARN__DUPLICATE_METHOD_MATCH = YES;
				CODE_SIGN_IDENTITY = "-";
				COPY_PHASE_STRIP = NO;
				DEBUG_INFORMATION_FORMAT = "dwarf-with-dsym";
				ENABLE_NS_ASSERTIONS = NO;
				ENABLE_STRICT_OBJC_MSGSEND = YES;
				GCC_C_LANGUAGE_STANDARD = gnu99;
				GCC_NO_COMMON_BLOCKS = YES;
				GCC_WARN_64_TO_32_BIT_CONVERSION = YES;
				GCC_WARN_ABOUT_RETURN_TYPE = YES_ERROR;
				GCC_WARN_UNDECLARED_SELECTOR = YES;
				GCC_WARN_UNINITIALIZED_AUTOS = YES_AGGRESSIVE;
				GCC_WARN_UNUSED_FUNCTION = YES;
				GCC_WARN_UNUSED_VARIABLE = YES;
				MACOSX_DEPLOYMENT_TARGET = 10.12;
				MTL_ENABLE_DEBUG_INFO = NO;
				SDKROOT = macosx;
			};
			name = Release;
		};
		7CAFB2F91EEF790500AB4609 /* Debug */ = {
			isa = XCBuildConfiguration;
			buildSettings = {
				ASSETCATALOG_COMPILER_APPICON_NAME = AppIcon;
				COMBINE_HIDPI_IMAGES = YES;
				HEADER_SEARCH_PATHS = /usr/local/opt/opencv/include;
				INFOPLIST_FILE = opencvLearn/Info.plist;
				LD_RUNPATH_SEARCH_PATHS = "$(inherited) @executable_path/../Frameworks";
				LIBRARY_SEARCH_PATHS = (
					/usr/local/opt/opencv/lib,
					/usr/local/Cellar/opencv/2.4.13.2/lib,
				);
				PRODUCT_BUNDLE_IDENTIFIER = com.healthearth.test.opencvLearn;
				PRODUCT_NAME = "$(TARGET_NAME)";
			};
			name = Debug;
		};
		7CAFB2FA1EEF790500AB4609 /* Release */ = {
			isa = XCBuildConfiguration;
			buildSettings = {
				ASSETCATALOG_COMPILER_APPICON_NAME = AppIcon;
				COMBINE_HIDPI_IMAGES = YES;
				HEADER_SEARCH_PATHS = /usr/local/opt/opencv/include;
				INFOPLIST_FILE = opencvLearn/Info.plist;
				LD_RUNPATH_SEARCH_PATHS = "$(inherited) @executable_path/../Frameworks";
				LIBRARY_SEARCH_PATHS = (
					/usr/local/opt/opencv/lib,
					/usr/local/Cellar/opencv/2.4.13.2/lib,
				);
				PRODUCT_BUNDLE_IDENTIFIER = com.healthearth.test.opencvLearn;
				PRODUCT_NAME = "$(TARGET_NAME)";
			};
			name = Release;
		};
/* End XCBuildConfiguration section */

/* Begin XCConfigurationList section */
		7CAFB2DF1EEF790500AB4609 /* Build configuration list for PBXProject "opencvLearn" */ = {
			isa = XCConfigurationList;
			buildConfigurations = (
				7CAFB2F61EEF790500AB4609 /* Debug */,
				7CAFB2F71EEF790500AB4609 /* Release */,
			);
			defaultConfigurationIsVisible = 0;
			defaultConfigurationName = Release;
		};
		7CAFB2F81EEF790500AB4609 /* Build configuration list for PBXNativeTarget "opencvLearn" */ = {
			isa = XCConfigurationList;
			buildConfigurations = (
				7CAFB2F91EEF790500AB4609 /* Debug */,
				7CAFB2FA1EEF790500AB4609 /* Release */,
			);
			defaultConfigurationIsVisible = 0;
		};
/* End XCConfigurationList section */
	};
	rootObject = 7CAFB2DC1EEF790500AB4609 /* Project object */;
}
